
Microsoft Visual Studio Solution File, Format Version 12.00
Project("{FAE04EC0-301F-11D3-BF4B-00C04F79EFBC}") = "Day1", "Day1\Day1.csproj", "{DD8B059F-9923-4FA1-AB22-40DDCF4DADEA}"
EndProject
Project("{FAE04EC0-301F-11D3-BF4B-00C04F79EFBC}") = "Day1.Tests", "Day1.Tests\Day1.Tests.csproj", "{E3A2338D-F66C-4355-9B2B-E706DF3A9BD1}"
EndProject
Project("{FAE04EC0-301F-11D3-BF4B-00C04F79EFBC}") = "Day2.Tests", "Day2.Tests\Day2.Tests.csproj", "{0F45BF6D-ABA4-4F06-83B9-9A0EA37997D2}"
EndProject
Project("{FAE04EC0-301F-11D3-BF4B-00C04F79EFBC}") = "Day2", "Day2\Day2.csproj", "{73063451-1BDE-4C24-AA68-AA9CE4FCD24B}"
EndProject
Project("{FAE04EC0-301F-11D3-BF4B-00C04F79EFBC}") = "Day3", "Day3\Day3.csproj", "{4028682C-49B7-49D4-9033-7C233D9F4C09}"
EndProject
Project("{FAE04EC0-301F-11D3-BF4B-00C04F79EFBC}") = "Day3.Tests", "Day3.Tests\Day3.Tests.csproj", "{1D72736D-841A-43AD-BC64-335095E88748}"
EndProject
Project("{FAE04EC0-301F-11D3-BF4B-00C04F79EFBC}") = "Day4.Tests", "Day4.Tests\Day4.Tests.csproj", "{8DE2F507-36F0-4D98-B1E3-2B9DAAA7ADB3}"
EndProject
Project("{FAE04EC0-301F-11D3-BF4B-00C04F79EFBC}") = "Day4", "Day4\Day4.csproj", "{522936E1-73A2-463B-8CE3-9F931D88FE6E}"
EndProject
Project("{FAE04EC0-301F-11D3-BF4B-00C04F79EFBC}") = "Day5", "Day5\Day5.csproj", "{091C9188-29BC-4DD3-8334-113E0E93EF39}"
EndProject
Project("{FAE04EC0-301F-11D3-BF4B-00C04F79EFBC}") = "Day5.Tests", "Day5.Tests\Day5.Tests.csproj", "{91EB5639-EA4E-4C23-9285-B5B6445D5CF8}"
EndProject
Project("{FAE04EC0-301F-11D3-BF4B-00C04F79EFBC}") = "Day6.Tests", "Day6.Tests\Day6.Tests.csproj", "{9E4E1991-80D1-4280-81C9-D83D392EEAC9}"
EndProject
Project("{FAE04EC0-301F-11D3-BF4B-00C04F79EFBC}") = "Day6", "Day6\Day6.csproj", "{CD486B5A-3A75-4585-ADEF-347BB8F71E9F}"
EndProject
Project("{FAE04EC0-301F-11D3-BF4B-00C04F79EFBC}") = "Day7", "Day7\Day7.csproj", "{FD9503A9-4F23-43B4-9F94-8A4DDCA35011}"
EndProject
Project("{FAE04EC0-301F-11D3-BF4B-00C04F79EFBC}") = "Day7.Tests", "Day7.Tests\Day7.Tests.csproj", "{82093838-8D8E-4383-B4BD-8E135A90783F}"
EndProject
Project("{FAE04EC0-301F-11D3-BF4B-00C04F79EFBC}") = "Day8.Tests", "Day8.Tests\Day8.Tests.csproj", "{3ADA8D26-7A45-402C-B779-AC7D717D8EBD}"
EndProject
Project("{FAE04EC0-301F-11D3-BF4B-00C04F79EFBC}") = "Day8", "Day8\Day8.csproj", "{CBAFC93A-91DD-4FB3-99C4-76BC4AC774D9}"
EndProject
Project("{FAE04EC0-301F-11D3-BF4B-00C04F79EFBC}") = "Day9", "Day9\Day9.csproj", "{B623208C-ED28-469E-A9DC-A56C466B8C2B}"
EndProject
Project("{FAE04EC0-301F-11D3-BF4B-00C04F79EFBC}") = "Day9.Tests", "Day9.Tests\Day9.Tests.csproj", "{D31A890B-AA2A-44A9-8563-15F04D978EA5}"
EndProject
Project("{FAE04EC0-301F-11D3-BF4B-00C04F79EFBC}") = "Day10.Tests", "Day10.Tests\Day10.Tests.csproj", "{D788B91F-2BD0-4C0C-B260-A853832CC76D}"
EndProject
Project("{FAE04EC0-301F-11D3-BF4B-00C04F79EFBC}") = "Day10", "Day10\Day10.csproj", "{426CFEAF-00D9-405F-8E38-386EA0B24E00}"
EndProject
Global
	GlobalSection(SolutionConfigurationPlatforms) = preSolution
		Debug|Any CPU = Debug|Any CPU
		Release|Any CPU = Release|Any CPU
	EndGlobalSection
	GlobalSection(ProjectConfigurationPlatforms) = postSolution
		{DD8B059F-9923-4FA1-AB22-40DDCF4DADEA}.Debug|Any CPU.ActiveCfg = Debug|Any CPU
		{DD8B059F-9923-4FA1-AB22-40DDCF4DADEA}.Debug|Any CPU.Build.0 = Debug|Any CPU
		{DD8B059F-9923-4FA1-AB22-40DDCF4DADEA}.Release|Any CPU.ActiveCfg = Release|Any CPU
		{DD8B059F-9923-4FA1-AB22-40DDCF4DADEA}.Release|Any CPU.Build.0 = Release|Any CPU
		{E3A2338D-F66C-4355-9B2B-E706DF3A9BD1}.Debug|Any CPU.ActiveCfg = Debug|Any CPU
		{E3A2338D-F66C-4355-9B2B-E706DF3A9BD1}.Debug|Any CPU.Build.0 = Debug|Any CPU
		{E3A2338D-F66C-4355-9B2B-E706DF3A9BD1}.Release|Any CPU.ActiveCfg = Release|Any CPU
		{E3A2338D-F66C-4355-9B2B-E706DF3A9BD1}.Release|Any CPU.Build.0 = Release|Any CPU
		{0F45BF6D-ABA4-4F06-83B9-9A0EA37997D2}.Debug|Any CPU.ActiveCfg = Debug|Any CPU
		{0F45BF6D-ABA4-4F06-83B9-9A0EA37997D2}.Debug|Any CPU.Build.0 = Debug|Any CPU
		{0F45BF6D-ABA4-4F06-83B9-9A0EA37997D2}.Release|Any CPU.ActiveCfg = Release|Any CPU
		{0F45BF6D-ABA4-4F06-83B9-9A0EA37997D2}.Release|Any CPU.Build.0 = Release|Any CPU
		{73063451-1BDE-4C24-AA68-AA9CE4FCD24B}.Debug|Any CPU.ActiveCfg = Debug|Any CPU
		{73063451-1BDE-4C24-AA68-AA9CE4FCD24B}.Debug|Any CPU.Build.0 = Debug|Any CPU
		{73063451-1BDE-4C24-AA68-AA9CE4FCD24B}.Release|Any CPU.ActiveCfg = Release|Any CPU
		{73063451-1BDE-4C24-AA68-AA9CE4FCD24B}.Release|Any CPU.Build.0 = Release|Any CPU
		{4028682C-49B7-49D4-9033-7C233D9F4C09}.Debug|Any CPU.ActiveCfg = Debug|Any CPU
		{4028682C-49B7-49D4-9033-7C233D9F4C09}.Debug|Any CPU.Build.0 = Debug|Any CPU
		{4028682C-49B7-49D4-9033-7C233D9F4C09}.Release|Any CPU.ActiveCfg = Release|Any CPU
		{4028682C-49B7-49D4-9033-7C233D9F4C09}.Release|Any CPU.Build.0 = Release|Any CPU
		{1D72736D-841A-43AD-BC64-335095E88748}.Debug|Any CPU.ActiveCfg = Debug|Any CPU
		{1D72736D-841A-43AD-BC64-335095E88748}.Debug|Any CPU.Build.0 = Debug|Any CPU
		{1D72736D-841A-43AD-BC64-335095E88748}.Release|Any CPU.ActiveCfg = Release|Any CPU
		{1D72736D-841A-43AD-BC64-335095E88748}.Release|Any CPU.Build.0 = Release|Any CPU
		{8DE2F507-36F0-4D98-B1E3-2B9DAAA7ADB3}.Debug|Any CPU.ActiveCfg = Debug|Any CPU
		{8DE2F507-36F0-4D98-B1E3-2B9DAAA7ADB3}.Debug|Any CPU.Build.0 = Debug|Any CPU
		{8DE2F507-36F0-4D98-B1E3-2B9DAAA7ADB3}.Release|Any CPU.ActiveCfg = Release|Any CPU
		{8DE2F507-36F0-4D98-B1E3-2B9DAAA7ADB3}.Release|Any CPU.Build.0 = Release|Any CPU
		{522936E1-73A2-463B-8CE3-9F931D88FE6E}.Debug|Any CPU.ActiveCfg = Debug|Any CPU
		{522936E1-73A2-463B-8CE3-9F931D88FE6E}.Debug|Any CPU.Build.0 = Debug|Any CPU
		{522936E1-73A2-463B-8CE3-9F931D88FE6E}.Release|Any CPU.ActiveCfg = Release|Any CPU
		{522936E1-73A2-463B-8CE3-9F931D88FE6E}.Release|Any CPU.Build.0 = Release|Any CPU
		{091C9188-29BC-4DD3-8334-113E0E93EF39}.Debug|Any CPU.ActiveCfg = Debug|Any CPU
		{091C9188-29BC-4DD3-8334-113E0E93EF39}.Debug|Any CPU.Build.0 = Debug|Any CPU
		{091C9188-29BC-4DD3-8334-113E0E93EF39}.Release|Any CPU.ActiveCfg = Release|Any CPU
		{091C9188-29BC-4DD3-8334-113E0E93EF39}.Release|Any CPU.Build.0 = Release|Any CPU
		{91EB5639-EA4E-4C23-9285-B5B6445D5CF8}.Debug|Any CPU.ActiveCfg = Debug|Any CPU
		{91EB5639-EA4E-4C23-9285-B5B6445D5CF8}.Debug|Any CPU.Build.0 = Debug|Any CPU
		{91EB5639-EA4E-4C23-9285-B5B6445D5CF8}.Release|Any CPU.ActiveCfg = Release|Any CPU
		{91EB5639-EA4E-4C23-9285-B5B6445D5CF8}.Release|Any CPU.Build.0 = Release|Any CPU
		{9E4E1991-80D1-4280-81C9-D83D392EEAC9}.Debug|Any CPU.ActiveCfg = Debug|Any CPU
		{9E4E1991-80D1-4280-81C9-D83D392EEAC9}.Debug|Any CPU.Build.0 = Debug|Any CPU
		{9E4E1991-80D1-4280-81C9-D83D392EEAC9}.Release|Any CPU.ActiveCfg = Release|Any CPU
		{9E4E1991-80D1-4280-81C9-D83D392EEAC9}.Release|Any CPU.Build.0 = Release|Any CPU
		{CD486B5A-3A75-4585-ADEF-347BB8F71E9F}.Debug|Any CPU.ActiveCfg = Debug|Any CPU
		{CD486B5A-3A75-4585-ADEF-347BB8F71E9F}.Debug|Any CPU.Build.0 = Debug|Any CPU
		{CD486B5A-3A75-4585-ADEF-347BB8F71E9F}.Release|Any CPU.ActiveCfg = Release|Any CPU
		{CD486B5A-3A75-4585-ADEF-347BB8F71E9F}.Release|Any CPU.Build.0 = Release|Any CPU
		{FD9503A9-4F23-43B4-9F94-8A4DDCA35011}.Debug|Any CPU.ActiveCfg = Debug|Any CPU
		{FD9503A9-4F23-43B4-9F94-8A4DDCA35011}.Debug|Any CPU.Build.0 = Debug|Any CPU
		{FD9503A9-4F23-43B4-9F94-8A4DDCA35011}.Release|Any CPU.ActiveCfg = Release|Any CPU
		{FD9503A9-4F23-43B4-9F94-8A4DDCA35011}.Release|Any CPU.Build.0 = Release|Any CPU
		{82093838-8D8E-4383-B4BD-8E135A90783F}.Debug|Any CPU.ActiveCfg = Debug|Any CPU
		{82093838-8D8E-4383-B4BD-8E135A90783F}.Debug|Any CPU.Build.0 = Debug|Any CPU
		{82093838-8D8E-4383-B4BD-8E135A90783F}.Release|Any CPU.ActiveCfg = Release|Any CPU
		{82093838-8D8E-4383-B4BD-8E135A90783F}.Release|Any CPU.Build.0 = Release|Any CPU
		{3ADA8D26-7A45-402C-B779-AC7D717D8EBD}.Debug|Any CPU.ActiveCfg = Debug|Any CPU
		{3ADA8D26-7A45-402C-B779-AC7D717D8EBD}.Debug|Any CPU.Build.0 = Debug|Any CPU
		{3ADA8D26-7A45-402C-B779-AC7D717D8EBD}.Release|Any CPU.ActiveCfg = Release|Any CPU
		{3ADA8D26-7A45-402C-B779-AC7D717D8EBD}.Release|Any CPU.Build.0 = Release|Any CPU
		{CBAFC93A-91DD-4FB3-99C4-76BC4AC774D9}.Debug|Any CPU.ActiveCfg = Debug|Any CPU
		{CBAFC93A-91DD-4FB3-99C4-76BC4AC774D9}.Debug|Any CPU.Build.0 = Debug|Any CPU
		{CBAFC93A-91DD-4FB3-99C4-76BC4AC774D9}.Release|Any CPU.ActiveCfg = Release|Any CPU
		{CBAFC93A-91DD-4FB3-99C4-76BC4AC774D9}.Release|Any CPU.Build.0 = Release|Any CPU
		{B623208C-ED28-469E-A9DC-A56C466B8C2B}.Debug|Any CPU.ActiveCfg = Debug|Any CPU
		{B623208C-ED28-469E-A9DC-A56C466B8C2B}.Debug|Any CPU.Build.0 = Debug|Any CPU
		{B623208C-ED28-469E-A9DC-A56C466B8C2B}.Release|Any CPU.ActiveCfg = Release|Any CPU
		{B623208C-ED28-469E-A9DC-A56C466B8C2B}.Release|Any CPU.Build.0 = Release|Any CPU
		{D31A890B-AA2A-44A9-8563-15F04D978EA5}.Debug|Any CPU.ActiveCfg = Debug|Any CPU
		{D31A890B-AA2A-44A9-8563-15F04D978EA5}.Debug|Any CPU.Build.0 = Debug|Any CPU
		{D31A890B-AA2A-44A9-8563-15F04D978EA5}.Release|Any CPU.ActiveCfg = Release|Any CPU
		{D31A890B-AA2A-44A9-8563-15F04D978EA5}.Release|Any CPU.Build.0 = Release|Any CPU
		{D788B91F-2BD0-4C0C-B260-A853832CC76D}.Debug|Any CPU.ActiveCfg = Debug|Any CPU
		{D788B91F-2BD0-4C0C-B260-A853832CC76D}.Debug|Any CPU.Build.0 = Debug|Any CPU
		{D788B91F-2BD0-4C0C-B260-A853832CC76D}.Release|Any CPU.ActiveCfg = Release|Any CPU
		{D788B91F-2BD0-4C0C-B260-A853832CC76D}.Release|Any CPU.Build.0 = Release|Any CPU
		{426CFEAF-00D9-405F-8E38-386EA0B24E00}.Debug|Any CPU.ActiveCfg = Debug|Any CPU
		{426CFEAF-00D9-405F-8E38-386EA0B24E00}.Debug|Any CPU.Build.0 = Debug|Any CPU
		{426CFEAF-00D9-405F-8E38-386EA0B24E00}.Release|Any CPU.ActiveCfg = Release|Any CPU
		{426CFEAF-00D9-405F-8E38-386EA0B24E00}.Release|Any CPU.Build.0 = Release|Any CPU
	EndGlobalSection
EndGlobal
